
Microsoft Visual Studio Solution File, Format Version 12.00
# Visual Studio Version 16
VisualStudioVersion = 16.0.31729.503
MinimumVisualStudioVersion = 10.0.40219.1
Project("{FAE04EC0-301F-11D3-BF4B-00C04F79EFBC}") = "cobaGradientBrush", "cobaGradientBrush\cobaGradientBrush.csproj", "{953D230A-2079-4899-9DB2-7B48682357B7}"
EndProject
Global
	GlobalSection(SolutionConfigurationPlatforms) = preSolution
		Debug|Any CPU = Debug|Any CPU
		Release|Any CPU = Release|Any CPU
	EndGlobalSection
	GlobalSection(ProjectConfigurationPlatforms) = postSolution
		{953D230A-2079-4899-9DB2-7B48682357B7}.Debug|Any CPU.ActiveCfg = Debug|Any CPU
		{953D230A-2079-4899-9DB2-7B48682357B7}.Debug|Any CPU.Build.0 = Debug|Any CPU
		{953D230A-2079-4899-9DB2-7B48682357B7}.Release|Any CPU.ActiveCfg = Release|Any CPU
		{953D230A-2079-4899-9DB2-7B48682357B7}.Release|Any CPU.Build.0 = Release|Any CPU
	EndGlobalSection
	GlobalSection(SolutionProperties) = preSolution
		HideSolutionNode = FALSE
	EndGlobalSection
	GlobalSection(ExtensibilityGlobals) = postSolution
		SolutionGuid = {90FAD379-F1A6-4BA0-99CB-1E1564AC97F1}
	EndGlobalSection
EndGlobal
